
Microsoft Visual Studio Solution File, Format Version 12.00
# Visual Studio 15
VisualStudioVersion = 15.0.27130.2024
MinimumVisualStudioVersion = 10.0.40219.1
Project("{FAE04EC0-301F-11D3-BF4B-00C04F79EFBC}") = "btfb", "btfb\btfb.csproj", "{84CC57AE-97E1-433E-A27E-61A52B12CB07}"
EndProject
Project("{00D1A9C2-B5F0-4AF3-8072-F6C62B433612}") = "easyship", "..\Database\easyship\easyship.sqlproj", "{9089A304-6E59-4DC2-8E48-607945DF88F4}"
EndProject
Global
	GlobalSection(SolutionConfigurationPlatforms) = preSolution
		Debug|Any CPU = Debug|Any CPU
		Release|Any CPU = Release|Any CPU
	EndGlobalSection
	GlobalSection(ProjectConfigurationPlatforms) = postSolution
		{84CC57AE-97E1-433E-A27E-61A52B12CB07}.Debug|Any CPU.ActiveCfg = Debug|Any CPU
		{84CC57AE-97E1-433E-A27E-61A52B12CB07}.Debug|Any CPU.Build.0 = Debug|Any CPU
		{84CC57AE-97E1-433E-A27E-61A52B12CB07}.Release|Any CPU.ActiveCfg = Release|Any CPU
		{84CC57AE-97E1-433E-A27E-61A52B12CB07}.Release|Any CPU.Build.0 = Release|Any CPU
		{9089A304-6E59-4DC2-8E48-607945DF88F4}.Debug|Any CPU.ActiveCfg = Debug|Any CPU
		{9089A304-6E59-4DC2-8E48-607945DF88F4}.Debug|Any CPU.Build.0 = Debug|Any CPU
		{9089A304-6E59-4DC2-8E48-607945DF88F4}.Debug|Any CPU.Deploy.0 = Debug|Any CPU
		{9089A304-6E59-4DC2-8E48-607945DF88F4}.Release|Any CPU.ActiveCfg = Release|Any CPU
		{9089A304-6E59-4DC2-8E48-607945DF88F4}.Release|Any CPU.Build.0 = Release|Any CPU
		{9089A304-6E59-4DC2-8E48-607945DF88F4}.Release|Any CPU.Deploy.0 = Release|Any CPU
	EndGlobalSection
	GlobalSection(SolutionProperties) = preSolution
		HideSolutionNode = FALSE
	EndGlobalSection
	GlobalSection(ExtensibilityGlobals) = postSolution
		SolutionGuid = {BCB46FD4-2514-4BD6-8EE7-50CA11DA0D5C}
	EndGlobalSection
EndGlobal
